<Solution>
  <Folder Name="/src/">
    <Project Path="src/EmailService.Api/EmailService.Api.csproj" />
    <Project Path="src/EmailService.Application/EmailService.Application.csproj" />
    <Project Path="src/EmailService.Infrastructure/EmailService.Infrastructure.csproj" />
  </Folder>
  <Folder Name="/tests/">
    <Project Path="tests/EmailService.UnitTests/EmailService.UnitTests.csproj" />
  </Folder>
</Solution>
