
Microsoft Visual Studio Solution File, Format Version 12.00
# Visual Studio Version 17
VisualStudioVersion = 17.5.2.0
MinimumVisualStudioVersion = 10.0.40219.1
Project("{FAE04EC0-301F-11D3-BF4B-00C04F79EFBC}") = "ClassroomService.Presentation", "ClassroomService.Presentation\ClassroomService.Presentation.csproj", "{3BAC0E3C-5D86-AEF4-3E52-115FB0BE5E7D}"
EndProject
Project("{FAE04EC0-301F-11D3-BF4B-00C04F79EFBC}") = "ClassroomService.Application", "ClassroomService.Application\ClassroomService.Application.csproj", "{3E4EED7E-BC3B-E9CE-FA18-ACF12231135C}"
EndProject
Project("{FAE04EC0-301F-11D3-BF4B-00C04F79EFBC}") = "ClassroomService.Infrastructure", "ClassroomService.Infrastructure\ClassroomService.Infrastructure.csproj", "{58171C03-2B35-89DE-5A8A-92E5E6619906}"
EndProject
Project("{FAE04EC0-301F-11D3-BF4B-00C04F79EFBC}") = "ClassroomService.Domain", "ClassroomService.Domain\ClassroomService.Domain.csproj", "{D987201E-4740-E37D-6827-DA28A7C8C8FB}"
EndProject
Project("{FAE04EC0-301F-11D3-BF4B-00C04F79EFBC}") = "ClassroomService.Api", "ClassroomService.Api\ClassroomService.Api.csproj", "{ECE77718-9745-94D9-A2E0-CE58C06EF4A9}"
EndProject
Project("{FAE04EC0-301F-11D3-BF4B-00C04F79EFBC}") = "ClassroomService.UnitTests", "..\tests\ClassroomService.UnitTests\ClassroomService.UnitTests.csproj", "{AC8D1C6A-B6AF-45BC-A45D-F41D98CE6124}"
EndProject
Global
	GlobalSection(SolutionConfigurationPlatforms) = preSolution
		Debug|Any CPU = Debug|Any CPU
		Debug|x64 = Debug|x64
		Debug|x86 = Debug|x86
		Release|Any CPU = Release|Any CPU
		Release|x64 = Release|x64
		Release|x86 = Release|x86
	EndGlobalSection
	GlobalSection(ProjectConfigurationPlatforms) = postSolution
		{3BAC0E3C-5D86-AEF4-3E52-115FB0BE5E7D}.Debug|Any CPU.ActiveCfg = Debug|Any CPU
		{3BAC0E3C-5D86-AEF4-3E52-115FB0BE5E7D}.Debug|Any CPU.Build.0 = Debug|Any CPU
		{3BAC0E3C-5D86-AEF4-3E52-115FB0BE5E7D}.Debug|x64.ActiveCfg = Debug|Any CPU
		{3BAC0E3C-5D86-AEF4-3E52-115FB0BE5E7D}.Debug|x64.Build.0 = Debug|Any CPU
		{3BAC0E3C-5D86-AEF4-3E52-115FB0BE5E7D}.Debug|x86.ActiveCfg = Debug|Any CPU
		{3BAC0E3C-5D86-AEF4-3E52-115FB0BE5E7D}.Debug|x86.Build.0 = Debug|Any CPU
		{3BAC0E3C-5D86-AEF4-3E52-115FB0BE5E7D}.Release|Any CPU.ActiveCfg = Release|Any CPU
		{3BAC0E3C-5D86-AEF4-3E52-115FB0BE5E7D}.Release|Any CPU.Build.0 = Release|Any CPU
		{3BAC0E3C-5D86-AEF4-3E52-115FB0BE5E7D}.Release|x64.ActiveCfg = Release|Any CPU
		{3BAC0E3C-5D86-AEF4-3E52-115FB0BE5E7D}.Release|x64.Build.0 = Release|Any CPU
		{3BAC0E3C-5D86-AEF4-3E52-115FB0BE5E7D}.Release|x86.ActiveCfg = Release|Any CPU
		{3BAC0E3C-5D86-AEF4-3E52-115FB0BE5E7D}.Release|x86.Build.0 = Release|Any CPU
		{3E4EED7E-BC3B-E9CE-FA18-ACF12231135C}.Debug|Any CPU.ActiveCfg = Debug|Any CPU
		{3E4EED7E-BC3B-E9CE-FA18-ACF12231135C}.Debug|Any CPU.Build.0 = Debug|Any CPU
		{3E4EED7E-BC3B-E9CE-FA18-ACF12231135C}.Debug|x64.ActiveCfg = Debug|Any CPU
		{3E4EED7E-BC3B-E9CE-FA18-ACF12231135C}.Debug|x64.Build.0 = Debug|Any CPU
		{3E4EED7E-BC3B-E9CE-FA18-ACF12231135C}.Debug|x86.ActiveCfg = Debug|Any CPU
		{3E4EED7E-BC3B-E9CE-FA18-ACF12231135C}.Debug|x86.Build.0 = Debug|Any CPU
		{3E4EED7E-BC3B-E9CE-FA18-ACF12231135C}.Release|Any CPU.ActiveCfg = Release|Any CPU
		{3E4EED7E-BC3B-E9CE-FA18-ACF12231135C}.Release|Any CPU.Build.0 = Release|Any CPU
		{3E4EED7E-BC3B-E9CE-FA18-ACF12231135C}.Release|x64.ActiveCfg = Release|Any CPU
		{3E4EED7E-BC3B-E9CE-FA18-ACF12231135C}.Release|x64.Build.0 = Release|Any CPU
		{3E4EED7E-BC3B-E9CE-FA18-ACF12231135C}.Release|x86.ActiveCfg = Release|Any CPU
		{3E4EED7E-BC3B-E9CE-FA18-ACF12231135C}.Release|x86.Build.0 = Release|Any CPU
		{58171C03-2B35-89DE-5A8A-92E5E6619906}.Debug|Any CPU.ActiveCfg = Debug|Any CPU
		{58171C03-2B35-89DE-5A8A-92E5E6619906}.Debug|Any CPU.Build.0 = Debug|Any CPU
		{58171C03-2B35-89DE-5A8A-92E5E6619906}.Debug|x64.ActiveCfg = Debug|Any CPU
		{58171C03-2B35-89DE-5A8A-92E5E6619906}.Debug|x64.Build.0 = Debug|Any CPU
		{58171C03-2B35-89DE-5A8A-92E5E6619906}.Debug|x86.ActiveCfg = Debug|Any CPU
		{58171C03-2B35-89DE-5A8A-92E5E6619906}.Debug|x86.Build.0 = Debug|Any CPU
		{58171C03-2B35-89DE-5A8A-92E5E6619906}.Release|Any CPU.ActiveCfg = Release|Any CPU
		{58171C03-2B35-89DE-5A8A-92E5E6619906}.Release|Any CPU.Build.0 = Release|Any CPU
		{58171C03-2B35-89DE-5A8A-92E5E6619906}.Release|x64.ActiveCfg = Release|Any CPU
		{58171C03-2B35-89DE-5A8A-92E5E6619906}.Release|x64.Build.0 = Release|Any CPU
		{58171C03-2B35-89DE-5A8A-92E5E6619906}.Release|x86.ActiveCfg = Release|Any CPU
		{58171C03-2B35-89DE-5A8A-92E5E6619906}.Release|x86.Build.0 = Release|Any CPU
		{D987201E-4740-E37D-6827-DA28A7C8C8FB}.Debug|Any CPU.ActiveCfg = Debug|Any CPU
		{D987201E-4740-E37D-6827-DA28A7C8C8FB}.Debug|Any CPU.Build.0 = Debug|Any CPU
		{D987201E-4740-E37D-6827-DA28A7C8C8FB}.Debug|x64.ActiveCfg = Debug|Any CPU
		{D987201E-4740-E37D-6827-DA28A7C8C8FB}.Debug|x64.Build.0 = Debug|Any CPU
		{D987201E-4740-E37D-6827-DA28A7C8C8FB}.Debug|x86.ActiveCfg = Debug|Any CPU
		{D987201E-4740-E37D-6827-DA28A7C8C8FB}.Debug|x86.Build.0 = Debug|Any CPU
		{D987201E-4740-E37D-6827-DA28A7C8C8FB}.Release|Any CPU.ActiveCfg = Release|Any CPU
		{D987201E-4740-E37D-6827-DA28A7C8C8FB}.Release|Any CPU.Build.0 = Release|Any CPU
		{D987201E-4740-E37D-6827-DA28A7C8C8FB}.Release|x64.ActiveCfg = Release|Any CPU
		{D987201E-4740-E37D-6827-DA28A7C8C8FB}.Release|x64.Build.0 = Release|Any CPU
		{D987201E-4740-E37D-6827-DA28A7C8C8FB}.Release|x86.ActiveCfg = Release|Any CPU
		{D987201E-4740-E37D-6827-DA28A7C8C8FB}.Release|x86.Build.0 = Release|Any CPU
		{ECE77718-9745-94D9-A2E0-CE58C06EF4A9}.Debug|Any CPU.ActiveCfg = Debug|Any CPU
		{ECE77718-9745-94D9-A2E0-CE58C06EF4A9}.Debug|Any CPU.Build.0 = Debug|Any CPU
		{ECE77718-9745-94D9-A2E0-CE58C06EF4A9}.Debug|x64.ActiveCfg = Debug|Any CPU
		{ECE77718-9745-94D9-A2E0-CE58C06EF4A9}.Debug|x64.Build.0 = Debug|Any CPU
		{ECE77718-9745-94D9-A2E0-CE58C06EF4A9}.Debug|x86.ActiveCfg = Debug|Any CPU
		{ECE77718-9745-94D9-A2E0-CE58C06EF4A9}.Debug|x86.Build.0 = Debug|Any CPU
		{ECE77718-9745-94D9-A2E0-CE58C06EF4A9}.Release|Any CPU.ActiveCfg = Release|Any CPU
		{ECE77718-9745-94D9-A2E0-CE58C06EF4A9}.Release|Any CPU.Build.0 = Release|Any CPU
		{ECE77718-9745-94D9-A2E0-CE58C06EF4A9}.Release|x64.ActiveCfg = Release|Any CPU
		{ECE77718-9745-94D9-A2E0-CE58C06EF4A9}.Release|x64.Build.0 = Release|Any CPU
		{ECE77718-9745-94D9-A2E0-CE58C06EF4A9}.Release|x86.ActiveCfg = Release|Any CPU
		{ECE77718-9745-94D9-A2E0-CE58C06EF4A9}.Release|x86.Build.0 = Release|Any CPU
		{AC8D1C6A-B6AF-45BC-A45D-F41D98CE6124}.Debug|Any CPU.ActiveCfg = Debug|Any CPU
		{AC8D1C6A-B6AF-45BC-A45D-F41D98CE6124}.Debug|Any CPU.Build.0 = Debug|Any CPU
		{AC8D1C6A-B6AF-45BC-A45D-F41D98CE6124}.Debug|x64.ActiveCfg = Debug|Any CPU
		{AC8D1C6A-B6AF-45BC-A45D-F41D98CE6124}.Debug|x64.Build.0 = Debug|Any CPU
		{AC8D1C6A-B6AF-45BC-A45D-F41D98CE6124}.Debug|x86.ActiveCfg = Debug|Any CPU
		{AC8D1C6A-B6AF-45BC-A45D-F41D98CE6124}.Debug|x86.Build.0 = Debug|Any CPU
		{AC8D1C6A-B6AF-45BC-A45D-F41D98CE6124}.Release|Any CPU.ActiveCfg = Release|Any CPU
		{AC8D1C6A-B6AF-45BC-A45D-F41D98CE6124}.Release|Any CPU.Build.0 = Release|Any CPU
		{AC8D1C6A-B6AF-45BC-A45D-F41D98CE6124}.Release|x64.ActiveCfg = Release|Any CPU
		{AC8D1C6A-B6AF-45BC-A45D-F41D98CE6124}.Release|x64.Build.0 = Release|Any CPU
		{AC8D1C6A-B6AF-45BC-A45D-F41D98CE6124}.Release|x86.ActiveCfg = Release|Any CPU
		{AC8D1C6A-B6AF-45BC-A45D-F41D98CE6124}.Release|x86.Build.0 = Release|Any CPU
	EndGlobalSection
	GlobalSection(SolutionProperties) = preSolution
		HideSolutionNode = FALSE
	EndGlobalSection
	GlobalSection(ExtensibilityGlobals) = postSolution
		SolutionGuid = {EE75ABD2-A306-40FF-B248-A97C2F74E322}
	EndGlobalSection
EndGlobal
